[[package]]
category = "main"
description = "A database migration tool for SQLAlchemy."
name = "alembic"
optional = false
python-versions = ">=2.7, !=3.0.*, !=3.1.*, !=3.2.*, !=3.3.*"
version = "1.4.2"

[package.dependencies]
Mako = "*"
SQLAlchemy = ">=1.1.0"
python-dateutil = "*"
python-editor = ">=0.3"

[[package]]
category = "main"
description = "Low-level AMQP client for Python (fork of amqplib)."
name = "amqp"
optional = false
python-versions = ">=2.7, !=3.0.*, !=3.1.*, !=3.2.*, !=3.3.*, !=3.4.*"
version = "2.5.2"

[package.dependencies]
vine = ">=1.1.3,<5.0.0a1"

[[package]]
category = "main"
description = "A library for parsing ISO 8601 strings."
name = "aniso8601"
optional = false
python-versions = "*"
version = "8.0.0"

[[package]]
category = "dev"
description = "An abstract syntax tree for Python with inference support."
name = "astroid"
optional = false
python-versions = ">=3.5.*"
version = "2.3.3"

[package.dependencies]
lazy-object-proxy = ">=1.4.0,<1.5.0"
six = ">=1.12,<2.0"
wrapt = ">=1.11.0,<1.12.0"

[[package]]
category = "dev"
description = "Atomic file writes."
marker = "sys_platform == \"win32\""
name = "atomicwrites"
optional = false
python-versions = ">=2.7, !=3.0.*, !=3.1.*, !=3.2.*, !=3.3.*"
version = "1.3.0"

[[package]]
category = "dev"
description = "Classes Without Boilerplate"
name = "attrs"
optional = false
python-versions = ">=2.7, !=3.0.*, !=3.1.*, !=3.2.*, !=3.3.*"
version = "19.3.0"

[package.extras]
azure-pipelines = ["coverage", "hypothesis", "pympler", "pytest (>=4.3.0)", "six", "zope.interface", "pytest-azurepipelines"]
dev = ["coverage", "hypothesis", "pympler", "pytest (>=4.3.0)", "six", "zope.interface", "sphinx", "pre-commit"]
docs = ["sphinx", "zope.interface"]
tests = ["coverage", "hypothesis", "pympler", "pytest (>=4.3.0)", "six", "zope.interface"]

[[package]]
category = "dev"
description = "A tool that automatically formats Python code to conform to the PEP 8 style guide"
name = "autopep8"
optional = false
python-versions = "*"
version = "1.5.2"

[package.dependencies]
pycodestyle = ">=2.5.0"

[[package]]
category = "main"
description = "Python multiprocessing fork with improvements and bugfixes"
name = "billiard"
optional = false
python-versions = "*"
version = "3.6.3.0"

[[package]]
category = "main"
description = "Distributed Task Queue."
name = "celery"
optional = false
python-versions = ">=2.7, !=3.0.*, !=3.1.*, !=3.2.*, !=3.3.*, !=3.4.*,"
version = "4.4.2"

[package.dependencies]
billiard = ">=3.6.3.0,<4.0"
kombu = ">=4.6.8,<4.7"
pytz = ">0.0-dev"
vine = "1.3.0"

[package.extras]
arangodb = ["pyArango (>=1.3.2)"]
auth = ["cryptography"]
azureblockblob = ["azure-storage (0.36.0)", "azure-common (1.1.5)", "azure-storage-common (1.1.0)"]
brotli = ["brotli (>=1.0.0)", "brotlipy (>=0.7.0)"]
cassandra = ["cassandra-driver"]
consul = ["python-consul"]
cosmosdbsql = ["pydocumentdb (2.3.2)"]
couchbase = ["couchbase", "couchbase-cffi"]
couchdb = ["pycouchdb"]
django = ["Django (>=1.11)"]
dynamodb = ["boto3 (>=1.9.178)"]
elasticsearch = ["elasticsearch"]
eventlet = ["eventlet (>=0.24.1)"]
gevent = ["gevent"]
librabbitmq = ["librabbitmq (>=1.5.0)"]
lzma = ["backports.lzma"]
memcache = ["pylibmc"]
mongodb = ["pymongo (>=3.3.0)"]
msgpack = ["msgpack"]
pymemcache = ["python-memcached"]
pyro = ["pyro4"]
redis = ["redis (>=3.2.0)"]
riak = ["riak (>=2.0)"]
s3 = ["boto3 (>=1.9.125)"]
slmq = ["softlayer-messaging (>=1.0.3)"]
solar = ["ephem"]
sqlalchemy = ["sqlalchemy"]
sqs = ["boto3 (>=1.9.125)", "pycurl (7.43.0.2)"]
tblib = ["tblib (>=1.3.0)", "tblib (>=1.5.0)"]
yaml = ["PyYAML (>=3.10)"]
zookeeper = ["kazoo (>=1.3.1)"]
zstd = ["zstandard"]

[[package]]
category = "main"
description = "Composable command line interface toolkit"
name = "click"
optional = false
python-versions = ">=2.7, !=3.0.*, !=3.1.*, !=3.2.*, !=3.3.*, !=3.4.*"
version = "7.1.1"

[[package]]
category = "dev"
description = "Cross-platform colored terminal text."
marker = "sys_platform == \"win32\""
name = "colorama"
optional = false
python-versions = ">=2.7, !=3.0.*, !=3.1.*, !=3.2.*, !=3.3.*, !=3.4.*"
version = "0.4.3"

[[package]]
category = "main"
description = "Easily serialize dataclasses to and from JSON"
name = "dataclasses-json"
optional = false
python-versions = ">=3.6"
version = "0.4.2"

[package.dependencies]
marshmallow = ">=3.3.0,<4.0.0"
marshmallow-enum = ">=1.5.1,<2.0.0"
stringcase = "1.2.0"
typing-inspect = ">=0.4.0"

[package.extras]
dev = ["pytest", "ipython", "mypy (>=0.710)", "hypothesis", "portray", "flake8", "simplejson"]

[[package]]
category = "main"
description = "A versatile test fixtures replacement based on thoughtbot's factory_bot for Ruby."
name = "factory-boy"
optional = false
python-versions = ">=2.7, !=3.0.*, !=3.1.*, !=3.2.*, !=3.3.*"
version = "2.12.0"

[package.dependencies]
Faker = ">=0.7.0"

[[package]]
category = "main"
description = "Faker is a Python package that generates fake data for you."
name = "faker"
optional = false
python-versions = ">=3.4"
version = "4.0.3"

[package.dependencies]
python-dateutil = ">=2.4"
text-unidecode = "1.3"

[[package]]
category = "main"
description = "A simple framework for building complex web applications."
name = "flask"
optional = false
python-versions = ">=2.7, !=3.0.*, !=3.1.*, !=3.2.*, !=3.3.*, !=3.4.*"
version = "1.1.2"

[package.dependencies]
Jinja2 = ">=2.10.1"
Werkzeug = ">=0.15"
click = ">=5.1"
itsdangerous = ">=0.24"

[package.extras]
dev = ["pytest", "coverage", "tox", "sphinx", "pallets-sphinx-themes", "sphinxcontrib-log-cabinet", "sphinx-issues"]
docs = ["sphinx", "pallets-sphinx-themes", "sphinxcontrib-log-cabinet", "sphinx-issues"]
dotenv = ["python-dotenv"]

[[package]]
category = "main"
description = "Browsable web APIs for Flask."
name = "flask-api"
optional = false
python-versions = "*"
version = "2.0"

[package.dependencies]
Flask = ">=1.1"

[[package]]
category = "main"
description = "Simple framework for creating REST APIs"
name = "flask-restful"
optional = false
python-versions = "*"
version = "0.3.8"

[package.dependencies]
Flask = ">=0.8"
aniso8601 = ">=0.82"
pytz = "*"
six = ">=1.3.0"

[package.extras]
docs = ["sphinx"]

[[package]]
category = "dev"
description = "A Python utility / library to sort Python imports."
name = "isort"
optional = false
python-versions = ">=2.7, !=3.0.*, !=3.1.*, !=3.2.*, !=3.3.*"
version = "4.3.21"

[package.extras]
pipfile = ["pipreqs", "requirementslib"]
pyproject = ["toml"]
requirements = ["pipreqs", "pip-api"]
xdg_home = ["appdirs (>=1.4.0)"]

[[package]]
category = "main"
description = "Various helpers to pass data to untrusted environments and back."
name = "itsdangerous"
optional = false
python-versions = ">=2.7, !=3.0.*, !=3.1.*, !=3.2.*, !=3.3.*"
version = "1.1.0"

[[package]]
category = "main"
description = "A very fast and expressive template engine."
name = "jinja2"
optional = false
python-versions = ">=2.7, !=3.0.*, !=3.1.*, !=3.2.*, !=3.3.*, !=3.4.*"
version = "2.11.2"

[package.dependencies]
MarkupSafe = ">=0.23"

[package.extras]
i18n = ["Babel (>=0.8)"]

[[package]]
category = "main"
description = "Messaging library for Python."
name = "kombu"
optional = false
python-versions = ">=2.7, !=3.0.*, !=3.1.*, !=3.2.*, !=3.3.*, !=3.4.*"
version = "4.6.8"

[package.dependencies]
amqp = ">=2.5.2,<2.6"

[package.extras]
azureservicebus = ["azure-servicebus (>=0.21.1)"]
azurestoragequeues = ["azure-storage-queue"]
consul = ["python-consul (>=0.6.0)"]
librabbitmq = ["librabbitmq (>=1.5.2)"]
mongodb = ["pymongo (>=3.3.0)"]
msgpack = ["msgpack"]
pyro = ["pyro4"]
qpid = ["qpid-python (>=0.26)", "qpid-tools (>=0.26)"]
redis = ["redis (>=3.3.11)"]
slmq = ["softlayer-messaging (>=1.0.3)"]
sqlalchemy = ["sqlalchemy"]
sqs = ["boto3 (>=1.4.4)", "pycurl (7.43.0.2)"]
yaml = ["PyYAML (>=3.10)"]
zookeeper = ["kazoo (>=1.3.1)"]

[[package]]
category = "dev"
description = "A fast and thorough lazy object proxy."
name = "lazy-object-proxy"
optional = false
python-versions = ">=2.7, !=3.0.*, !=3.1.*, !=3.2.*, !=3.3.*"
version = "1.4.3"

[[package]]
category = "main"
description = "A super-fast templating language that borrows the  best ideas from the existing templating languages."
name = "mako"
optional = false
python-versions = ">=2.7, !=3.0.*, !=3.1.*, !=3.2.*, !=3.3.*"
version = "1.1.2"

[package.dependencies]
MarkupSafe = ">=0.9.2"

[package.extras]
babel = ["babel"]
lingua = ["lingua"]

[[package]]
category = "main"
description = "Safely add untrusted strings to HTML/XML markup."
name = "markupsafe"
optional = false
python-versions = ">=2.7,!=3.0.*,!=3.1.*,!=3.2.*,!=3.3.*"
version = "1.1.1"

[[package]]
category = "main"
description = "A lightweight library for converting complex datatypes to and from native Python datatypes."
name = "marshmallow"
optional = false
python-versions = ">=3.5"
version = "3.5.1"

[package.extras]
dev = ["pytest", "pytz", "simplejson", "mypy (0.761)", "flake8 (3.7.9)", "flake8-bugbear (20.1.4)", "pre-commit (>=1.20,<3.0)", "tox"]
docs = ["sphinx (2.4.3)", "sphinx-issues (1.2.0)", "alabaster (0.7.12)", "sphinx-version-warning (1.1.2)"]
lint = ["mypy (0.761)", "flake8 (3.7.9)", "flake8-bugbear (20.1.4)", "pre-commit (>=1.20,<3.0)"]
tests = ["pytest", "pytz", "simplejson"]

[[package]]
category = "main"
description = "Python library to convert dataclasses into marshmallow schemas."
name = "marshmallow-dataclass"
optional = false
python-versions = ">=3.6"
version = "7.5.1"

[package.dependencies]
marshmallow = ">=3.0.0,<4.0"
typing-inspect = "*"

[package.extras]
dev = ["marshmallow-enum", "marshmallow-union", "pre-commit (>=1.18,<2.0)", "sphinx", "pytest", "pytest-mypy-plugins (>=1.2.0)"]
docs = ["sphinx"]
enum = ["marshmallow-enum"]
lint = ["pre-commit (>=1.18,<2.0)"]
tests = ["pytest", "pytest-mypy-plugins (>=1.2.0)"]
union = ["marshmallow-union"]

[[package]]
category = "main"
description = "Enum field for Marshmallow"
name = "marshmallow-enum"
optional = false
python-versions = "*"
version = "1.5.1"

[package.dependencies]
marshmallow = ">=2.0.0"

[[package]]
category = "dev"
description = "McCabe checker, plugin for flake8"
name = "mccabe"
optional = false
python-versions = "*"
version = "0.6.1"

[[package]]
category = "dev"
description = "More routines for operating on iterables, beyond itertools"
name = "more-itertools"
optional = false
python-versions = ">=3.5"
version = "8.2.0"

[[package]]
category = "main"
description = "Experimental type system extensions for programs checked with the mypy typechecker."
name = "mypy-extensions"
optional = false
python-versions = "*"
version = "0.4.3"

[[package]]
category = "dev"
description = "Core utilities for Python packages"
name = "packaging"
optional = false
python-versions = ">=2.7, !=3.0.*, !=3.1.*, !=3.2.*, !=3.3.*"
version = "20.3"

[package.dependencies]
pyparsing = ">=2.0.2"
six = "*"

[[package]]
category = "dev"
description = "plugin and hook calling mechanisms for python"
name = "pluggy"
optional = false
python-versions = ">=2.7, !=3.0.*, !=3.1.*, !=3.2.*, !=3.3.*"
version = "0.13.1"

[package.extras]
dev = ["pre-commit", "tox"]

[[package]]
category = "main"
description = "psycopg2 - Python-PostgreSQL Database Adapter"
name = "psycopg2"
optional = false
python-versions = ">=2.7,!=3.0.*,!=3.1.*,!=3.2.*,!=3.3.*"
version = "2.8.5"

[[package]]
category = "dev"
description = "library with cross-python path, ini-parsing, io, code, log facilities"
name = "py"
optional = false
python-versions = ">=2.7, !=3.0.*, !=3.1.*, !=3.2.*, !=3.3.*"
version = "1.8.1"

[[package]]
category = "dev"
description = "Python style guide checker"
name = "pycodestyle"
optional = false
python-versions = ">=2.7, !=3.0.*, !=3.1.*, !=3.2.*, !=3.3.*"
version = "2.5.0"

[[package]]
category = "dev"
description = "python code static checker"
name = "pylint"
optional = false
python-versions = ">=3.5.*"
version = "2.4.4"

[package.dependencies]
astroid = ">=2.3.0,<2.4"
colorama = "*"
isort = ">=4.2.5,<5"
mccabe = ">=0.6,<0.7"

[[package]]
category = "dev"
description = "Python parsing module"
name = "pyparsing"
optional = false
python-versions = ">=2.6, !=3.0.*, !=3.1.*, !=3.2.*"
version = "2.4.7"

[[package]]
category = "dev"
description = "pytest: simple powerful testing with Python"
name = "pytest"
optional = false
python-versions = ">=3.5"
version = "5.4.1"

[package.dependencies]
atomicwrites = ">=1.0"
attrs = ">=17.4.0"
colorama = "*"
more-itertools = ">=4.0.0"
packaging = "*"
pluggy = ">=0.12,<1.0"
py = ">=1.5.0"
wcwidth = "*"

[package.extras]
checkqa-mypy = ["mypy (v0.761)"]
testing = ["argcomplete", "hypothesis (>=3.56)", "mock", "nose", "requests", "xmlschema"]

[[package]]
category = "main"
description = "Extensions to the standard Python datetime module"
name = "python-dateutil"
optional = false
python-versions = "!=3.0.*,!=3.1.*,!=3.2.*,>=2.7"
version = "2.8.1"

[package.dependencies]
six = ">=1.5"

[[package]]
category = "main"
description = "Programmatically open an editor, capture the result."
name = "python-editor"
optional = false
python-versions = "*"
version = "1.0.4"

[[package]]
category = "main"
description = "World timezone definitions, modern and historical"
name = "pytz"
optional = false
python-versions = "*"
version = "2019.3"

[[package]]
category = "main"
description = "Python 2 and 3 compatibility utilities"
name = "six"
optional = false
python-versions = ">=2.7, !=3.0.*, !=3.1.*, !=3.2.*"
version = "1.14.0"

[[package]]
category = "main"
description = "Database Abstraction Library"
name = "sqlalchemy"
optional = false
python-versions = ">=2.7, !=3.0.*, !=3.1.*, !=3.2.*, !=3.3.*"
version = "1.3.16"

[package.extras]
mssql = ["pyodbc"]
mssql_pymssql = ["pymssql"]
mssql_pyodbc = ["pyodbc"]
mysql = ["mysqlclient"]
oracle = ["cx-oracle"]
postgresql = ["psycopg2"]
postgresql_pg8000 = ["pg8000"]
postgresql_psycopg2binary = ["psycopg2-binary"]
postgresql_psycopg2cffi = ["psycopg2cffi"]
pymysql = ["pymysql"]

[[package]]
category = "main"
description = "Various utility functions for SQLAlchemy."
name = "sqlalchemy-utils"
optional = false
python-versions = "*"
version = "0.36.3"

[package.dependencies]
SQLAlchemy = ">=1.0"
six = "*"

[package.extras]
anyjson = ["anyjson (>=0.3.3)"]
arrow = ["arrow (>=0.3.4)"]
babel = ["Babel (>=1.3)"]
color = ["colour (>=0.0.4)"]
encrypted = ["cryptography (>=0.6)"]
intervals = ["intervals (>=0.7.1)"]
password = ["passlib (>=1.6,<2.0)"]
phone = ["phonenumbers (>=5.9.2)"]
test = ["pytest (>=2.7.1)", "Pygments (>=1.2)", "Jinja2 (>=2.3)", "docutils (>=0.10)", "flexmock (>=0.9.7)", "mock (2.0.0)", "psycopg2 (>=2.5.1)", "pg8000 (>=1.12.4)", "pytz (>=2014.2)", "python-dateutil (>=2.6)", "pymysql", "flake8 (>=2.4.0)", "isort (>=4.2.2)", "pyodbc"]
test_all = ["anyjson (>=0.3.3)", "arrow (>=0.3.4)", "Babel (>=1.3)", "colour (>=0.0.4)", "cryptography (>=0.6)", "intervals (>=0.7.1)", "passlib (>=1.6,<2.0)", "phonenumbers (>=5.9.2)", "pytest (>=2.7.1)", "Pygments (>=1.2)", "Jinja2 (>=2.3)", "docutils (>=0.10)", "flexmock (>=0.9.7)", "mock (2.0.0)", "psycopg2 (>=2.5.1)", "pg8000 (>=1.12.4)", "pytz (>=2014.2)", "python-dateutil (>=2.6)", "pymysql", "flake8 (>=2.4.0)", "isort (>=4.2.2)", "pyodbc", "python-dateutil", "furl (>=0.4.1)"]
timezone = ["python-dateutil"]
url = ["furl (>=0.4.1)"]

[[package]]
category = "main"
description = "String case converter."
name = "stringcase"
optional = false
python-versions = "*"
version = "1.2.0"

[[package]]
category = "main"
description = "The most basic Text::Unidecode port"
name = "text-unidecode"
optional = false
python-versions = "*"
version = "1.3"

[[package]]
category = "main"
description = "Backported and Experimental Type Hints for Python 3.5+"
name = "typing-extensions"
optional = false
python-versions = "*"
version = "3.7.4.2"

[[package]]
category = "main"
description = "Runtime inspection utilities for typing module."
name = "typing-inspect"
optional = false
python-versions = "*"
version = "0.5.0"

[package.dependencies]
mypy-extensions = ">=0.3.0"
typing-extensions = ">=3.7.4"

[[package]]
category = "main"
description = "The uWSGI server"
name = "uwsgi"
optional = false
python-versions = "*"
version = "2.0.18"

[[package]]
category = "main"
description = "Promises, promises, promises."
name = "vine"
optional = false
python-versions = ">=2.7, !=3.0.*, !=3.1.*, !=3.2.*, !=3.3.*"
version = "1.3.0"

[[package]]
category = "dev"
description = "Measures number of Terminal column cells of wide-character codes"
name = "wcwidth"
optional = false
python-versions = "*"
version = "0.1.9"

[[package]]
category = "main"
description = "The comprehensive WSGI web application library."
name = "werkzeug"
optional = false
python-versions = ">=2.7, !=3.0.*, !=3.1.*, !=3.2.*, !=3.3.*, !=3.4.*"
version = "1.0.1"

[package.extras]
dev = ["pytest", "pytest-timeout", "coverage", "tox", "sphinx", "pallets-sphinx-themes", "sphinx-issues"]
watchdog = ["watchdog"]

[[package]]
category = "dev"
description = "Module for decorators, wrappers and monkey patching."
name = "wrapt"
optional = false
python-versions = "*"
version = "1.11.2"

[metadata]
content-hash = "b0bf0c354bb82693faf08a2cc6c57a5c425de1ac4a2238ba26fd559839d183cb"
python-versions = "^3.8"

[metadata.files]
alembic = [
    {file = "alembic-1.4.2.tar.gz", hash = "sha256:035ab00497217628bf5d0be82d664d8713ab13d37b630084da8e1f98facf4dbf"},
]
amqp = [
    {file = "amqp-2.5.2-py2.py3-none-any.whl", hash = "sha256:6e649ca13a7df3faacdc8bbb280aa9a6602d22fd9d545336077e573a1f4ff3b8"},
    {file = "amqp-2.5.2.tar.gz", hash = "sha256:77f1aef9410698d20eaeac5b73a87817365f457a507d82edf292e12cbb83b08d"},
]
aniso8601 = [
    {file = "aniso8601-8.0.0-py2.py3-none-any.whl", hash = "sha256:c033f63d028b9a58e3ab0c2c7d0532ab4bfa7452bfc788fbfe3ddabd327b181a"},
    {file = "aniso8601-8.0.0.tar.gz", hash = "sha256:529dcb1f5f26ee0df6c0a1ee84b7b27197c3c50fc3a6321d66c544689237d072"},
]
astroid = [
    {file = "astroid-2.3.3-py3-none-any.whl", hash = "sha256:840947ebfa8b58f318d42301cf8c0a20fd794a33b61cc4638e28e9e61ba32f42"},
    {file = "astroid-2.3.3.tar.gz", hash = "sha256:71ea07f44df9568a75d0f354c49143a4575d90645e9fead6dfb52c26a85ed13a"},
]
atomicwrites = [
    {file = "atomicwrites-1.3.0-py2.py3-none-any.whl", hash = "sha256:03472c30eb2c5d1ba9227e4c2ca66ab8287fbfbbda3888aa93dc2e28fc6811b4"},
    {file = "atomicwrites-1.3.0.tar.gz", hash = "sha256:75a9445bac02d8d058d5e1fe689654ba5a6556a1dfd8ce6ec55a0ed79866cfa6"},
]
attrs = [
    {file = "attrs-19.3.0-py2.py3-none-any.whl", hash = "sha256:08a96c641c3a74e44eb59afb61a24f2cb9f4d7188748e76ba4bb5edfa3cb7d1c"},
    {file = "attrs-19.3.0.tar.gz", hash = "sha256:f7b7ce16570fe9965acd6d30101a28f62fb4a7f9e926b3bbc9b61f8b04247e72"},
]
autopep8 = [
    {file = "autopep8-1.5.2.tar.gz", hash = "sha256:152fd8fe47d02082be86e05001ec23d6f420086db56b17fc883f3f965fb34954"},
]
billiard = [
    {file = "billiard-3.6.3.0-py3-none-any.whl", hash = "sha256:bff575450859a6e0fbc2f9877d9b715b0bbc07c3565bb7ed2280526a0cdf5ede"},
    {file = "billiard-3.6.3.0.tar.gz", hash = "sha256:d91725ce6425f33a97dfa72fb6bfef0e47d4652acd98a032bd1a7fbf06d5fa6a"},
]
celery = [
    {file = "celery-4.4.2-py2.py3-none-any.whl", hash = "sha256:5b4b37e276033fe47575107a2775469f0b721646a08c96ec2c61531e4fe45f2a"},
    {file = "celery-4.4.2.tar.gz", hash = "sha256:108a0bf9018a871620936c33a3ee9f6336a89f8ef0a0f567a9001f4aa361415f"},
]
click = [
    {file = "click-7.1.1-py2.py3-none-any.whl", hash = "sha256:e345d143d80bf5ee7534056164e5e112ea5e22716bbb1ce727941f4c8b471b9a"},
    {file = "click-7.1.1.tar.gz", hash = "sha256:8a18b4ea89d8820c5d0c7da8a64b2c324b4dabb695804dbfea19b9be9d88c0cc"},
]
colorama = [
    {file = "colorama-0.4.3-py2.py3-none-any.whl", hash = "sha256:7d73d2a99753107a36ac6b455ee49046802e59d9d076ef8e47b61499fa29afff"},
    {file = "colorama-0.4.3.tar.gz", hash = "sha256:e96da0d330793e2cb9485e9ddfd918d456036c7149416295932478192f4436a1"},
]
dataclasses-json = [
    {file = "dataclasses-json-0.4.2.tar.gz", hash = "sha256:65ac9ae2f7ec152ee01bf42c8c024736d4cd6f6fb761502dec92bd553931e3d9"},
    {file = "dataclasses_json-0.4.2-py3-none-any.whl", hash = "sha256:dbb53ebbac30ef45f44f5f436b21bd5726a80a14e1a193958864229100271372"},
]
factory-boy = [
    {file = "factory_boy-2.12.0-py2.py3-none-any.whl", hash = "sha256:728df59b372c9588b83153facf26d3d28947fc750e8e3c95cefa9bed0e6394ee"},
    {file = "factory_boy-2.12.0.tar.gz", hash = "sha256:faf48d608a1735f0d0a3c9cbf536d64f9132b547dae7ba452c4d99a79e84a370"},
]
faker = [
    {file = "Faker-4.0.3-py3-none-any.whl", hash = "sha256:53bf2c8a2de8af271466e7b9cc2f08ecf83c4c947981680eb61080779a0adace"},
    {file = "Faker-4.0.3.tar.gz", hash = "sha256:7292806948ed848f1bcea1e7b963bae6f398687d1da0ea096e156fea2787f454"},
]
flask = [
    {file = "Flask-1.1.2-py2.py3-none-any.whl", hash = "sha256:8a4fdd8936eba2512e9c85df320a37e694c93945b33ef33c89946a340a238557"},
    {file = "Flask-1.1.2.tar.gz", hash = "sha256:4efa1ae2d7c9865af48986de8aeb8504bf32c7f3d6fdc9353d34b21f4b127060"},
]
flask-api = [
    {file = "Flask-API-2.0.tar.gz", hash = "sha256:6986642e5b25b7def710ca9489ed2b88c94006bfc06eca01c78da7cf447e66e5"},
    {file = "Flask_API-2.0-py3-none-any.whl", hash = "sha256:3d4cfb2ff214af9957f61455f660b5cfa181d6112e56cda526011bbe7af2a09e"},
]
flask-restful = [
    {file = "Flask-RESTful-0.3.8.tar.gz", hash = "sha256:5ea9a5991abf2cb69b4aac19793faac6c032300505b325687d7c305ffaa76915"},
    {file = "Flask_RESTful-0.3.8-py2.py3-none-any.whl", hash = "sha256:d891118b951921f1cec80cabb4db98ea6058a35e6404788f9e70d5b243813ec2"},
]
isort = [
    {file = "isort-4.3.21-py2.py3-none-any.whl", hash = "sha256:6e811fcb295968434526407adb8796944f1988c5b65e8139058f2014cbe100fd"},
    {file = "isort-4.3.21.tar.gz", hash = "sha256:54da7e92468955c4fceacd0c86bd0ec997b0e1ee80d97f67c35a78b719dccab1"},
]
itsdangerous = [
    {file = "itsdangerous-1.1.0-py2.py3-none-any.whl", hash = "sha256:b12271b2047cb23eeb98c8b5622e2e5c5e9abd9784a153e9d8ef9cb4dd09d749"},
    {file = "itsdangerous-1.1.0.tar.gz", hash = "sha256:321b033d07f2a4136d3ec762eac9f16a10ccd60f53c0c91af90217ace7ba1f19"},
]
jinja2 = [
    {file = "Jinja2-2.11.2-py2.py3-none-any.whl", hash = "sha256:f0a4641d3cf955324a89c04f3d94663aa4d638abe8f733ecd3582848e1c37035"},
    {file = "Jinja2-2.11.2.tar.gz", hash = "sha256:89aab215427ef59c34ad58735269eb58b1a5808103067f7bb9d5836c651b3bb0"},
]
kombu = [
    {file = "kombu-4.6.8-py2.py3-none-any.whl", hash = "sha256:598e7e749d6ab54f646b74b2d2df67755dee13894f73ab02a2a9feb8870c7cb2"},
    {file = "kombu-4.6.8.tar.gz", hash = "sha256:2d1cda774126a044d91a7ff5fa6d09edf99f46924ab332a810760fe6740e9b76"},
]
lazy-object-proxy = [
    {file = "lazy-object-proxy-1.4.3.tar.gz", hash = "sha256:f3900e8a5de27447acbf900b4750b0ddfd7ec1ea7fbaf11dfa911141bc522af0"},
    {file = "lazy_object_proxy-1.4.3-cp27-cp27m-macosx_10_13_x86_64.whl", hash = "sha256:a2238e9d1bb71a56cd710611a1614d1194dc10a175c1e08d75e1a7bcc250d442"},
    {file = "lazy_object_proxy-1.4.3-cp27-cp27m-win32.whl", hash = "sha256:efa1909120ce98bbb3777e8b6f92237f5d5c8ea6758efea36a473e1d38f7d3e4"},
    {file = "lazy_object_proxy-1.4.3-cp27-cp27m-win_amd64.whl", hash = "sha256:4677f594e474c91da97f489fea5b7daa17b5517190899cf213697e48d3902f5a"},
    {file = "lazy_object_proxy-1.4.3-cp27-cp27mu-manylinux1_x86_64.whl", hash = "sha256:0c4b206227a8097f05c4dbdd323c50edf81f15db3b8dc064d08c62d37e1a504d"},
    {file = "lazy_object_proxy-1.4.3-cp34-cp34m-manylinux1_x86_64.whl", hash = "sha256:d945239a5639b3ff35b70a88c5f2f491913eb94871780ebfabb2568bd58afc5a"},
    {file = "lazy_object_proxy-1.4.3-cp34-cp34m-win32.whl", hash = "sha256:9651375199045a358eb6741df3e02a651e0330be090b3bc79f6d0de31a80ec3e"},
    {file = "lazy_object_proxy-1.4.3-cp34-cp34m-win_amd64.whl", hash = "sha256:eba7011090323c1dadf18b3b689845fd96a61ba0a1dfbd7f24b921398affc357"},
    {file = "lazy_object_proxy-1.4.3-cp35-cp35m-manylinux1_x86_64.whl", hash = "sha256:48dab84ebd4831077b150572aec802f303117c8cc5c871e182447281ebf3ac50"},
    {file = "lazy_object_proxy-1.4.3-cp35-cp35m-win32.whl", hash = "sha256:ca0a928a3ddbc5725be2dd1cf895ec0a254798915fb3a36af0964a0a4149e3db"},
    {file = "lazy_object_proxy-1.4.3-cp35-cp35m-win_amd64.whl", hash = "sha256:194d092e6f246b906e8f70884e620e459fc54db3259e60cf69a4d66c3fda3449"},
    {file = "lazy_object_proxy-1.4.3-cp36-cp36m-manylinux1_x86_64.whl", hash = "sha256:97bb5884f6f1cdce0099f86b907aa41c970c3c672ac8b9c8352789e103cf3156"},
    {file = "lazy_object_proxy-1.4.3-cp36-cp36m-win32.whl", hash = "sha256:cb2c7c57005a6804ab66f106ceb8482da55f5314b7fcb06551db1edae4ad1531"},
    {file = "lazy_object_proxy-1.4.3-cp36-cp36m-win_amd64.whl", hash = "sha256:8d859b89baf8ef7f8bc6b00aa20316483d67f0b1cbf422f5b4dc56701c8f2ffb"},
    {file = "lazy_object_proxy-1.4.3-cp37-cp37m-macosx_10_13_x86_64.whl", hash = "sha256:1be7e4c9f96948003609aa6c974ae59830a6baecc5376c25c92d7d697e684c08"},
    {file = "lazy_object_proxy-1.4.3-cp37-cp37m-manylinux1_x86_64.whl", hash = "sha256:d74bb8693bf9cf75ac3b47a54d716bbb1a92648d5f781fc799347cfc95952383"},
    {file = "lazy_object_proxy-1.4.3-cp37-cp37m-win32.whl", hash = "sha256:9b15f3f4c0f35727d3a0fba4b770b3c4ebbb1fa907dbcc046a1d2799f3edd142"},
    {file = "lazy_object_proxy-1.4.3-cp37-cp37m-win_amd64.whl", hash = "sha256:9254f4358b9b541e3441b007a0ea0764b9d056afdeafc1a5569eee1cc6c1b9ea"},
    {file = "lazy_object_proxy-1.4.3-cp38-cp38-manylinux1_x86_64.whl", hash = "sha256:a6ae12d08c0bf9909ce12385803a543bfe99b95fe01e752536a60af2b7797c62"},
    {file = "lazy_object_proxy-1.4.3-cp38-cp38-win32.whl", hash = "sha256:5541cada25cd173702dbd99f8e22434105456314462326f06dba3e180f203dfd"},
    {file = "lazy_object_proxy-1.4.3-cp38-cp38-win_amd64.whl", hash = "sha256:59f79fef100b09564bc2df42ea2d8d21a64fdcda64979c0fa3db7bdaabaf6239"},
]
mako = [
    {file = "Mako-1.1.2-py2.py3-none-any.whl", hash = "sha256:8e8b53c71c7e59f3de716b6832c4e401d903af574f6962edbbbf6ecc2a5fe6c9"},
    {file = "Mako-1.1.2.tar.gz", hash = "sha256:3139c5d64aa5d175dbafb95027057128b5fbd05a40c53999f3905ceb53366d9d"},
]
markupsafe = [
    {file = "MarkupSafe-1.1.1-cp27-cp27m-macosx_10_6_intel.whl", hash = "sha256:09027a7803a62ca78792ad89403b1b7a73a01c8cb65909cd876f7fcebd79b161"},
    {file = "MarkupSafe-1.1.1-cp27-cp27m-manylinux1_i686.whl", hash = "sha256:e249096428b3ae81b08327a63a485ad0878de3fb939049038579ac0ef61e17e7"},
    {file = "MarkupSafe-1.1.1-cp27-cp27m-manylinux1_x86_64.whl", hash = "sha256:500d4957e52ddc3351cabf489e79c91c17f6e0899158447047588650b5e69183"},
    {file = "MarkupSafe-1.1.1-cp27-cp27m-win32.whl", hash = "sha256:b2051432115498d3562c084a49bba65d97cf251f5a331c64a12ee7e04dacc51b"},
    {file = "MarkupSafe-1.1.1-cp27-cp27m-win_amd64.whl", hash = "sha256:98c7086708b163d425c67c7a91bad6e466bb99d797aa64f965e9d25c12111a5e"},
    {file = "MarkupSafe-1.1.1-cp27-cp27mu-manylinux1_i686.whl", hash = "sha256:cd5df75523866410809ca100dc9681e301e3c27567cf498077e8551b6d20e42f"},
    {file = "MarkupSafe-1.1.1-cp27-cp27mu-manylinux1_x86_64.whl", hash = "sha256:43a55c2930bbc139570ac2452adf3d70cdbb3cfe5912c71cdce1c2c6bbd9c5d1"},
    {file = "MarkupSafe-1.1.1-cp34-cp34m-macosx_10_6_intel.whl", hash = "sha256:1027c282dad077d0bae18be6794e6b6b8c91d58ed8a8d89a89d59693b9131db5"},
    {file = "MarkupSafe-1.1.1-cp34-cp34m-manylinux1_i686.whl", hash = "sha256:62fe6c95e3ec8a7fad637b7f3d372c15ec1caa01ab47926cfdf7a75b40e0eac1"},
    {file = "MarkupSafe-1.1.1-cp34-cp34m-manylinux1_x86_64.whl", hash = "sha256:88e5fcfb52ee7b911e8bb6d6aa2fd21fbecc674eadd44118a9cc3863f938e735"},
    {file = "MarkupSafe-1.1.1-cp34-cp34m-win32.whl", hash = "sha256:ade5e387d2ad0d7ebf59146cc00c8044acbd863725f887353a10df825fc8ae21"},
    {file = "MarkupSafe-1.1.1-cp34-cp34m-win_amd64.whl", hash = "sha256:09c4b7f37d6c648cb13f9230d847adf22f8171b1ccc4d5682398e77f40309235"},
    {file = "MarkupSafe-1.1.1-cp35-cp35m-macosx_10_6_intel.whl", hash = "sha256:79855e1c5b8da654cf486b830bd42c06e8780cea587384cf6545b7d9ac013a0b"},
    {file = "MarkupSafe-1.1.1-cp35-cp35m-manylinux1_i686.whl", hash = "sha256:c8716a48d94b06bb3b2524c2b77e055fb313aeb4ea620c8dd03a105574ba704f"},
    {file = "MarkupSafe-1.1.1-cp35-cp35m-manylinux1_x86_64.whl", hash = "sha256:7c1699dfe0cf8ff607dbdcc1e9b9af1755371f92a68f706051cc8c37d447c905"},
    {file = "MarkupSafe-1.1.1-cp35-cp35m-win32.whl", hash = "sha256:6dd73240d2af64df90aa7c4e7481e23825ea70af4b4922f8ede5b9e35f78a3b1"},
    {file = "MarkupSafe-1.1.1-cp35-cp35m-win_amd64.whl", hash = "sha256:9add70b36c5666a2ed02b43b335fe19002ee5235efd4b8a89bfcf9005bebac0d"},
    {file = "MarkupSafe-1.1.1-cp36-cp36m-macosx_10_6_intel.whl", hash = "sha256:24982cc2533820871eba85ba648cd53d8623687ff11cbb805be4ff7b4c971aff"},
    {file = "MarkupSafe-1.1.1-cp36-cp36m-manylinux1_i686.whl", hash = "sha256:00bc623926325b26bb9605ae9eae8a215691f33cae5df11ca5424f06f2d1f473"},
    {file = "MarkupSafe-1.1.1-cp36-cp36m-manylinux1_x86_64.whl", hash = "sha256:717ba8fe3ae9cc0006d7c451f0bb265ee07739daf76355d06366154ee68d221e"},
    {file = "MarkupSafe-1.1.1-cp36-cp36m-win32.whl", hash = "sha256:535f6fc4d397c1563d08b88e485c3496cf5784e927af890fb3c3aac7f933ec66"},
    {file = "MarkupSafe-1.1.1-cp36-cp36m-win_amd64.whl", hash = "sha256:b1282f8c00509d99fef04d8ba936b156d419be841854fe901d8ae224c59f0be5"},
    {file = "MarkupSafe-1.1.1-cp37-cp37m-macosx_10_6_intel.whl", hash = "sha256:8defac2f2ccd6805ebf65f5eeb132adcf2ab57aa11fdf4c0dd5169a004710e7d"},
    {file = "MarkupSafe-1.1.1-cp37-cp37m-manylinux1_i686.whl", hash = "sha256:46c99d2de99945ec5cb54f23c8cd5689f6d7177305ebff350a58ce5f8de1669e"},
    {file = "MarkupSafe-1.1.1-cp37-cp37m-manylinux1_x86_64.whl", hash = "sha256:ba59edeaa2fc6114428f1637ffff42da1e311e29382d81b339c1817d37ec93c6"},
    {file = "MarkupSafe-1.1.1-cp37-cp37m-win32.whl", hash = "sha256:b00c1de48212e4cc9603895652c5c410df699856a2853135b3967591e4beebc2"},
    {file = "MarkupSafe-1.1.1-cp37-cp37m-win_amd64.whl", hash = "sha256:9bf40443012702a1d2070043cb6291650a0841ece432556f784f004937f0f32c"},
    {file = "MarkupSafe-1.1.1-cp38-cp38-macosx_10_9_x86_64.whl", hash = "sha256:6788b695d50a51edb699cb55e35487e430fa21f1ed838122d722e0ff0ac5ba15"},
    {file = "MarkupSafe-1.1.1-cp38-cp38-manylinux1_i686.whl", hash = "sha256:cdb132fc825c38e1aeec2c8aa9338310d29d337bebbd7baa06889d09a60a1fa2"},
    {file = "MarkupSafe-1.1.1-cp38-cp38-manylinux1_x86_64.whl", hash = "sha256:13d3144e1e340870b25e7b10b98d779608c02016d5184cfb9927a9f10c689f42"},
    {file = "MarkupSafe-1.1.1-cp38-cp38-win32.whl", hash = "sha256:596510de112c685489095da617b5bcbbac7dd6384aeebeda4df6025d0256a81b"},
    {file = "MarkupSafe-1.1.1-cp38-cp38-win_amd64.whl", hash = "sha256:e8313f01ba26fbbe36c7be1966a7b7424942f670f38e666995b88d012765b9be"},
    {file = "MarkupSafe-1.1.1.tar.gz", hash = "sha256:29872e92839765e546828bb7754a68c418d927cd064fd4708fab9fe9c8bb116b"},
]
marshmallow = [
    {file = "marshmallow-3.5.1-py2.py3-none-any.whl", hash = "sha256:ac2e13b30165501b7d41fc0371b8df35944f5849769d136f20e2c5f6cdc6e665"},
    {file = "marshmallow-3.5.1.tar.gz", hash = "sha256:90854221bbb1498d003a0c3cc9d8390259137551917961c8b5258c64026b2f85"},
]
marshmallow-dataclass = [
    {file = "marshmallow_dataclass-7.5.1.tar.gz", hash = "sha256:30268170440d10943d63f0eaf6847d1134dd8ea45b03c51497e2dbd4208713f1"},
]
marshmallow-enum = [
    {file = "marshmallow-enum-1.5.1.tar.gz", hash = "sha256:38e697e11f45a8e64b4a1e664000897c659b60aa57bfa18d44e226a9920b6e58"},
    {file = "marshmallow_enum-1.5.1-py2.py3-none-any.whl", hash = "sha256:57161ab3dbfde4f57adeb12090f39592e992b9c86d206d02f6bd03ebec60f072"},
]
mccabe = [
    {file = "mccabe-0.6.1-py2.py3-none-any.whl", hash = "sha256:ab8a6258860da4b6677da4bd2fe5dc2c659cff31b3ee4f7f5d64e79735b80d42"},
    {file = "mccabe-0.6.1.tar.gz", hash = "sha256:dd8d182285a0fe56bace7f45b5e7d1a6ebcbf524e8f3bd87eb0f125271b8831f"},
]
more-itertools = [
    {file = "more-itertools-8.2.0.tar.gz", hash = "sha256:b1ddb932186d8a6ac451e1d95844b382f55e12686d51ca0c68b6f61f2ab7a507"},
    {file = "more_itertools-8.2.0-py3-none-any.whl", hash = "sha256:5dd8bcf33e5f9513ffa06d5ad33d78f31e1931ac9a18f33d37e77a180d393a7c"},
]
mypy-extensions = [
    {file = "mypy_extensions-0.4.3-py2.py3-none-any.whl", hash = "sha256:090fedd75945a69ae91ce1303b5824f428daf5a028d2f6ab8a299250a846f15d"},
    {file = "mypy_extensions-0.4.3.tar.gz", hash = "sha256:2d82818f5bb3e369420cb3c4060a7970edba416647068eb4c5343488a6c604a8"},
]
packaging = [
    {file = "packaging-20.3-py2.py3-none-any.whl", hash = "sha256:82f77b9bee21c1bafbf35a84905d604d5d1223801d639cf3ed140bd651c08752"},
    {file = "packaging-20.3.tar.gz", hash = "sha256:3c292b474fda1671ec57d46d739d072bfd495a4f51ad01a055121d81e952b7a3"},
]
pluggy = [
    {file = "pluggy-0.13.1-py2.py3-none-any.whl", hash = "sha256:966c145cd83c96502c3c3868f50408687b38434af77734af1e9ca461a4081d2d"},
    {file = "pluggy-0.13.1.tar.gz", hash = "sha256:15b2acde666561e1298d71b523007ed7364de07029219b604cf808bfa1c765b0"},
]
psycopg2 = [
    {file = "psycopg2-2.8.5-cp27-cp27m-win32.whl", hash = "sha256:a0984ff49e176062fcdc8a5a2a670c9bb1704a2f69548bce8f8a7bad41c661bf"},
    {file = "psycopg2-2.8.5-cp27-cp27m-win_amd64.whl", hash = "sha256:acf56d564e443e3dea152efe972b1434058244298a94348fc518d6dd6a9fb0bb"},
    {file = "psycopg2-2.8.5-cp34-cp34m-win32.whl", hash = "sha256:440a3ea2c955e89321a138eb7582aa1d22fe286c7d65e26a2c5411af0a88ae72"},
    {file = "psycopg2-2.8.5-cp34-cp34m-win_amd64.whl", hash = "sha256:6b306dae53ec7f4f67a10942cf8ac85de930ea90e9903e2df4001f69b7833f7e"},
    {file = "psycopg2-2.8.5-cp35-cp35m-win32.whl", hash = "sha256:d3b29d717d39d3580efd760a9a46a7418408acebbb784717c90d708c9ed5f055"},
    {file = "psycopg2-2.8.5-cp35-cp35m-win_amd64.whl", hash = "sha256:6a471d4d2a6f14c97a882e8d3124869bc623f3df6177eefe02994ea41fd45b52"},
    {file = "psycopg2-2.8.5-cp36-cp36m-win32.whl", hash = "sha256:27c633f2d5db0fc27b51f1b08f410715b59fa3802987aec91aeb8f562724e95c"},
    {file = "psycopg2-2.8.5-cp36-cp36m-win_amd64.whl", hash = "sha256:2df2bf1b87305bd95eb3ac666ee1f00a9c83d10927b8144e8e39644218f4cf81"},
    {file = "psycopg2-2.8.5-cp37-cp37m-win32.whl", hash = "sha256:ac5b23d0199c012ad91ed1bbb971b7666da651c6371529b1be8cbe2a7bf3c3a9"},
    {file = "psycopg2-2.8.5-cp37-cp37m-win_amd64.whl", hash = "sha256:2c0afb40cfb4d53487ee2ebe128649028c9a78d2476d14a67781e45dc287f080"},
    {file = "psycopg2-2.8.5-cp38-cp38-win32.whl", hash = "sha256:2327bf42c1744a434ed8ed0bbaa9168cac7ee5a22a9001f6fc85c33b8a4a14b7"},
    {file = "psycopg2-2.8.5-cp38-cp38-win_amd64.whl", hash = "sha256:132efc7ee46a763e68a815f4d26223d9c679953cd190f1f218187cb60decf535"},
    {file = "psycopg2-2.8.5.tar.gz", hash = "sha256:f7d46240f7a1ae1dd95aab38bd74f7428d46531f69219954266d669da60c0818"},
]
py = [
    {file = "py-1.8.1-py2.py3-none-any.whl", hash = "sha256:c20fdd83a5dbc0af9efd622bee9a5564e278f6380fffcacc43ba6f43db2813b0"},
    {file = "py-1.8.1.tar.gz", hash = "sha256:5e27081401262157467ad6e7f851b7aa402c5852dbcb3dae06768434de5752aa"},
]
pycodestyle = [
    {file = "pycodestyle-2.5.0-py2.py3-none-any.whl", hash = "sha256:95a2219d12372f05704562a14ec30bc76b05a5b297b21a5dfe3f6fac3491ae56"},
    {file = "pycodestyle-2.5.0.tar.gz", hash = "sha256:e40a936c9a450ad81df37f549d676d127b1b66000a6c500caa2b085bc0ca976c"},
]
pylint = [
    {file = "pylint-2.4.4-py3-none-any.whl", hash = "sha256:886e6afc935ea2590b462664b161ca9a5e40168ea99e5300935f6591ad467df4"},
    {file = "pylint-2.4.4.tar.gz", hash = "sha256:3db5468ad013380e987410a8d6956226963aed94ecb5f9d3a28acca6d9ac36cd"},
]
pyparsing = [
    {file = "pyparsing-2.4.7-py2.py3-none-any.whl", hash = "sha256:ef9d7589ef3c200abe66653d3f1ab1033c3c419ae9b9bdb1240a85b024efc88b"},
    {file = "pyparsing-2.4.7.tar.gz", hash = "sha256:c203ec8783bf771a155b207279b9bccb8dea02d8f0c9e5f8ead507bc3246ecc1"},
]
pytest = [
    {file = "pytest-5.4.1-py3-none-any.whl", hash = "sha256:0e5b30f5cb04e887b91b1ee519fa3d89049595f428c1db76e73bd7f17b09b172"},
    {file = "pytest-5.4.1.tar.gz", hash = "sha256:84dde37075b8805f3d1f392cc47e38a0e59518fb46a431cfdaf7cf1ce805f970"},
]
python-dateutil = [
    {file = "python-dateutil-2.8.1.tar.gz", hash = "sha256:73ebfe9dbf22e832286dafa60473e4cd239f8592f699aa5adaf10050e6e1823c"},
    {file = "python_dateutil-2.8.1-py2.py3-none-any.whl", hash = "sha256:75bb3f31ea686f1197762692a9ee6a7550b59fc6ca3a1f4b5d7e32fb98e2da2a"},
]
python-editor = [
    {file = "python-editor-1.0.4.tar.gz", hash = "sha256:51fda6bcc5ddbbb7063b2af7509e43bd84bfc32a4ff71349ec7847713882327b"},
    {file = "python_editor-1.0.4-py2-none-any.whl", hash = "sha256:5f98b069316ea1c2ed3f67e7f5df6c0d8f10b689964a4a811ff64f0106819ec8"},
    {file = "python_editor-1.0.4-py2.7.egg", hash = "sha256:ea87e17f6ec459e780e4221f295411462e0d0810858e055fc514684350a2f522"},
    {file = "python_editor-1.0.4-py3-none-any.whl", hash = "sha256:1bf6e860a8ad52a14c3ee1252d5dc25b2030618ed80c022598f00176adc8367d"},
    {file = "python_editor-1.0.4-py3.5.egg", hash = "sha256:c3da2053dbab6b29c94e43c486ff67206eafbe7eb52dbec7390b5e2fb05aac77"},
]
pytz = [
    {file = "pytz-2019.3-py2.py3-none-any.whl", hash = "sha256:1c557d7d0e871de1f5ccd5833f60fb2550652da6be2693c1e02300743d21500d"},
    {file = "pytz-2019.3.tar.gz", hash = "sha256:b02c06db6cf09c12dd25137e563b31700d3b80fcc4ad23abb7a315f2789819be"},
]
six = [
    {file = "six-1.14.0-py2.py3-none-any.whl", hash = "sha256:8f3cd2e254d8f793e7f3d6d9df77b92252b52637291d0f0da013c76ea2724b6c"},
    {file = "six-1.14.0.tar.gz", hash = "sha256:236bdbdce46e6e6a3d61a337c0f8b763ca1e8717c03b369e87a7ec7ce1319c0a"},
]
sqlalchemy = [
    {file = "SQLAlchemy-1.3.16-cp27-cp27m-macosx_10_13_x86_64.whl", hash = "sha256:8d8c21e9d4efef01351bf28513648ceb988031be4159745a7ad1b3e28c8ff68a"},
    {file = "SQLAlchemy-1.3.16-cp27-cp27m-win32.whl", hash = "sha256:083e383a1dca8384d0ea6378bd182d83c600ed4ff4ec8247d3b2442cf70db1ad"},
    {file = "SQLAlchemy-1.3.16-cp27-cp27m-win_amd64.whl", hash = "sha256:128f6179325f7597a46403dde0bf148478f868df44841348dfc8d158e00db1f9"},
    {file = "SQLAlchemy-1.3.16-cp36-cp36m-macosx_10_13_x86_64.whl", hash = "sha256:6056b671aeda3fc451382e52ab8a753c0d5f66ef2a5ccc8fa5ba7abd20988b4d"},
    {file = "SQLAlchemy-1.3.16-cp36-cp36m-manylinux1_x86_64.whl", hash = "sha256:7025c639ce7e170db845e94006cf5f404e243e6fc00d6c86fa19e8ad8d411880"},
    {file = "SQLAlchemy-1.3.16-cp36-cp36m-manylinux2010_x86_64.whl", hash = "sha256:e18752cecaef61031252ca72031d4d6247b3212ebb84748fc5d1a0d2029c23ea"},
    {file = "SQLAlchemy-1.3.16-cp36-cp36m-win32.whl", hash = "sha256:0a690a6486658d03cc6a73536d46e796b6570ac1f8a7ec133f9e28c448b69828"},
    {file = "SQLAlchemy-1.3.16-cp36-cp36m-win_amd64.whl", hash = "sha256:d00b393f05dbd4ecd65c989b7f5a81110eae4baea7a6a4cdd94c20a908d1456e"},
    {file = "SQLAlchemy-1.3.16-cp37-cp37m-macosx_10_13_x86_64.whl", hash = "sha256:114b6ace30001f056e944cebd46daef38fdb41ebb98f5e5940241a03ed6cad43"},
    {file = "SQLAlchemy-1.3.16-cp37-cp37m-manylinux1_x86_64.whl", hash = "sha256:13d48cd8b925b6893a4e59b2dfb3e59a5204fd8c98289aad353af78bd214db49"},
    {file = "SQLAlchemy-1.3.16-cp37-cp37m-manylinux2010_x86_64.whl", hash = "sha256:211a1ce7e825f7142121144bac76f53ac28b12172716a710f4bf3eab477e730b"},
    {file = "SQLAlchemy-1.3.16-cp37-cp37m-win32.whl", hash = "sha256:68d78cf4a9dfade2e6cf57c4be19f7b82ed66e67dacf93b32bb390c9bed12749"},
    {file = "SQLAlchemy-1.3.16-cp37-cp37m-win_amd64.whl", hash = "sha256:2dc57ee80b76813759cccd1a7affedf9c4dbe5b065a91fb6092c9d8151d66078"},
    {file = "SQLAlchemy-1.3.16-cp38-cp38-macosx_10_13_x86_64.whl", hash = "sha256:43078c7ec0457387c79b8d52fff90a7ad352ca4c7aa841c366238c3e2cf52fdf"},
    {file = "SQLAlchemy-1.3.16-cp38-cp38-manylinux1_x86_64.whl", hash = "sha256:bbb545da054e6297242a1bb1ba88e7a8ffb679f518258d66798ec712b82e4e07"},
    {file = "SQLAlchemy-1.3.16-cp38-cp38-manylinux2010_x86_64.whl", hash = "sha256:5b1bf3c2c2dca738235ce08079783ef04f1a7fc5b21cf24adaae77f2da4e73c3"},
    {file = "SQLAlchemy-1.3.16-cp38-cp38-win32.whl", hash = "sha256:3e625e283eecc15aee5b1ef77203bfb542563fa4a9aa622c7643c7b55438ff49"},
    {file = "SQLAlchemy-1.3.16-cp38-cp38-win_amd64.whl", hash = "sha256:7d98e0785c4cd7ae30b4a451416db71f5724a1839025544b4edbd92e00b91f0f"},
    {file = "SQLAlchemy-1.3.16.tar.gz", hash = "sha256:7224e126c00b8178dfd227bc337ba5e754b197a3867d33b9f30dc0208f773d70"},
]
sqlalchemy-utils = [
    {file = "SQLAlchemy-Utils-0.36.3.tar.gz", hash = "sha256:f268af5bc03597fe7690d60df3e5f1193254a83e07e4686f720f61587ec4493a"},
]
stringcase = [
    {file = "stringcase-1.2.0.tar.gz", hash = "sha256:48a06980661908efe8d9d34eab2b6c13aefa2163b3ced26972902e3bdfd87008"},
]
text-unidecode = [
    {file = "text-unidecode-1.3.tar.gz", hash = "sha256:bad6603bb14d279193107714b288be206cac565dfa49aa5b105294dd5c4aab93"},
    {file = "text_unidecode-1.3-py2.py3-none-any.whl", hash = "sha256:1311f10e8b895935241623731c2ba64f4c455287888b18189350b67134a822e8"},
]
typing-extensions = [
    {file = "typing_extensions-3.7.4.2-py2-none-any.whl", hash = "sha256:f8d2bd89d25bc39dabe7d23df520442fa1d8969b82544370e03d88b5a591c392"},
    {file = "typing_extensions-3.7.4.2-py3-none-any.whl", hash = "sha256:6e95524d8a547a91e08f404ae485bbb71962de46967e1b71a0cb89af24e761c5"},
    {file = "typing_extensions-3.7.4.2.tar.gz", hash = "sha256:79ee589a3caca649a9bfd2a8de4709837400dfa00b6cc81962a1e6a1815969ae"},
]
typing-inspect = [
    {file = "typing_inspect-0.5.0-py2-none-any.whl", hash = "sha256:75c97b7854426a129f3184c68588db29091ff58e6908ed520add1d52fc44df6e"},
    {file = "typing_inspect-0.5.0-py3-none-any.whl", hash = "sha256:c6ed1cd34860857c53c146a6704a96da12e1661087828ce350f34addc6e5eee3"},
    {file = "typing_inspect-0.5.0.tar.gz", hash = "sha256:811b44f92e780b90cfe7bac94249a4fae87cfaa9b40312765489255045231d9c"},
]
uwsgi = [
    {file = "uwsgi-2.0.18.tar.gz", hash = "sha256:4972ac538800fb2d421027f49b4a1869b66048839507ccf0aa2fda792d99f583"},
]
vine = [
    {file = "vine-1.3.0-py2.py3-none-any.whl", hash = "sha256:ea4947cc56d1fd6f2095c8d543ee25dad966f78692528e68b4fada11ba3f98af"},
    {file = "vine-1.3.0.tar.gz", hash = "sha256:133ee6d7a9016f177ddeaf191c1f58421a1dcc6ee9a42c58b34bed40e1d2cd87"},
]
wcwidth = [
    {file = "wcwidth-0.1.9-py2.py3-none-any.whl", hash = "sha256:cafe2186b3c009a04067022ce1dcd79cb38d8d65ee4f4791b8888d6599d1bbe1"},
    {file = "wcwidth-0.1.9.tar.gz", hash = "sha256:ee73862862a156bf77ff92b09034fc4825dd3af9cf81bc5b360668d425f3c5f1"},
]
werkzeug = [
    {file = "Werkzeug-1.0.1-py2.py3-none-any.whl", hash = "sha256:2de2a5db0baeae7b2d2664949077c2ac63fbd16d98da0ff71837f7d1dea3fd43"},
    {file = "Werkzeug-1.0.1.tar.gz", hash = "sha256:6c80b1e5ad3665290ea39320b91e1be1e0d5f60652b964a3070216de83d2e47c"},
]
wrapt = [
    {file = "wrapt-1.11.2.tar.gz", hash = "sha256:565a021fd19419476b9362b05eeaa094178de64f8361e44468f9e9d7843901e1"},
]
